
Microsoft Visual Studio Solution File, Format Version 12.00
# Visual Studio Version 16
VisualStudioVersion = 25.0.1700.0
MinimumVisualStudioVersion = 10.0.40219.1
Project("{FAE04EC0-301F-11D3-BF4B-00C04F79EFBC}") = "substrait-core", "core\substrait-core.csproj", "{D0621DA5-91E4-4273-A076-CF7B15EC0139}"
EndProject
Global
	GlobalSection(SolutionConfigurationPlatforms) = preSolution
		Debug|Any CPU = Debug|Any CPU
		Release|Any CPU = Release|Any CPU
	EndGlobalSection
	GlobalSection(ProjectConfigurationPlatforms) = postSolution
		{D0621DA5-91E4-4273-A076-CF7B15EC0139}.Debug|Any CPU.ActiveCfg = Debug|Any CPU
		{D0621DA5-91E4-4273-A076-CF7B15EC0139}.Debug|Any CPU.Build.0 = Debug|Any CPU
		{D0621DA5-91E4-4273-A076-CF7B15EC0139}.Release|Any CPU.ActiveCfg = Release|Any CPU
		{D0621DA5-91E4-4273-A076-CF7B15EC0139}.Release|Any CPU.Build.0 = Release|Any CPU
	EndGlobalSection
	GlobalSection(SolutionProperties) = preSolution
		HideSolutionNode = FALSE
	EndGlobalSection
	GlobalSection(ExtensibilityGlobals) = postSolution
		SolutionGuid = {671E873C-513C-474D-AA51-3532134EC36E}
	EndGlobalSection
EndGlobal
