
Microsoft Visual Studio Solution File, Format Version 12.00
# Visual Studio Version 17
VisualStudioVersion = 17.3.33027.108
MinimumVisualStudioVersion = 10.0.40219.1
Project("{9A19103F-16F7-4668-BE54-9A1E7A4F7556}") = "Substrait.Core", "src\Substrait.Core\Substrait.Core.csproj", "{C33A4305-4A80-4A92-AEF5-FB304D8BA6C7}"
EndProject
Project("{9A19103F-16F7-4668-BE54-9A1E7A4F7556}") = "Substrait.Lineage", "src\Substrait.Lineage\Substrait.Lineage.csproj", "{365DAF8C-5336-4845-A297-38584F4DB328}"
EndProject
Project("{9A19103F-16F7-4668-BE54-9A1E7A4F7556}") = "Substrait.Lineage.Tests", "tests\Substrait.Lineage.Tests\Substrait.Lineage.Tests.csproj", "{060D3D24-9395-4C8D-8C0C-95EDF2A86931}"
EndProject
Project("{FAE04EC0-301F-11D3-BF4B-00C04F79EFBC}") = "Substrait.Core.Tests", "tests\Substrait.Core.Tests\Substrait.Core.Tests.csproj", "{590A26FC-0099-4A5E-8833-8D6CF5814C51}"
EndProject
Global
	GlobalSection(SolutionConfigurationPlatforms) = preSolution
		Debug|Any CPU = Debug|Any CPU
		Release|Any CPU = Release|Any CPU
	EndGlobalSection
	GlobalSection(ProjectConfigurationPlatforms) = postSolution
		{C33A4305-4A80-4A92-AEF5-FB304D8BA6C7}.Debug|Any CPU.ActiveCfg = Debug|Any CPU
		{C33A4305-4A80-4A92-AEF5-FB304D8BA6C7}.Debug|Any CPU.Build.0 = Debug|Any CPU
		{C33A4305-4A80-4A92-AEF5-FB304D8BA6C7}.Release|Any CPU.ActiveCfg = Release|Any CPU
		{C33A4305-4A80-4A92-AEF5-FB304D8BA6C7}.Release|Any CPU.Build.0 = Release|Any CPU
		{365DAF8C-5336-4845-A297-38584F4DB328}.Debug|Any CPU.ActiveCfg = Debug|Any CPU
		{365DAF8C-5336-4845-A297-38584F4DB328}.Debug|Any CPU.Build.0 = Debug|Any CPU
		{365DAF8C-5336-4845-A297-38584F4DB328}.Release|Any CPU.ActiveCfg = Release|Any CPU
		{365DAF8C-5336-4845-A297-38584F4DB328}.Release|Any CPU.Build.0 = Release|Any CPU
		{060D3D24-9395-4C8D-8C0C-95EDF2A86931}.Debug|Any CPU.ActiveCfg = Debug|Any CPU
		{060D3D24-9395-4C8D-8C0C-95EDF2A86931}.Debug|Any CPU.Build.0 = Debug|Any CPU
		{060D3D24-9395-4C8D-8C0C-95EDF2A86931}.Release|Any CPU.ActiveCfg = Release|Any CPU
		{060D3D24-9395-4C8D-8C0C-95EDF2A86931}.Release|Any CPU.Build.0 = Release|Any CPU
		{590A26FC-0099-4A5E-8833-8D6CF5814C51}.Debug|Any CPU.ActiveCfg = Debug|Any CPU
		{590A26FC-0099-4A5E-8833-8D6CF5814C51}.Debug|Any CPU.Build.0 = Debug|Any CPU
		{590A26FC-0099-4A5E-8833-8D6CF5814C51}.Release|Any CPU.ActiveCfg = Release|Any CPU
		{590A26FC-0099-4A5E-8833-8D6CF5814C51}.Release|Any CPU.Build.0 = Release|Any CPU
	EndGlobalSection
	GlobalSection(SolutionProperties) = preSolution
		HideSolutionNode = FALSE
	EndGlobalSection
	GlobalSection(ExtensibilityGlobals) = postSolution
		SolutionGuid = {671E873C-513C-474D-AA51-3532134EC36E}
	EndGlobalSection
EndGlobal
